{
  "name": "codex-agent",
  "version": "0.2.0",
  "lockfileVersion": 3,
  "requires": true,
  "packages": {
    "": {
      "name": "codex-agent",
      "version": "0.2.0",
      "workspaces": [
        "packages/codex-agent-codex-agent-core",
        "packages/codex-agent-codex-agent-core-test",
        "packages/codex-agent-codex-agent-runtime-desktop",
        "packages/codex-agent-codex-agent-runtime-desktop-test"
      ],
      "devDependencies": {}
    },
    "node_modules/codex-agent-codex-agent-core": {
      "resolved": "packages/codex-agent-codex-agent-core",
      "link": true
    },
    "node_modules/codex-agent-codex-agent-core-test": {
      "resolved": "packages/codex-agent-codex-agent-core-test",
      "link": true
    },
    "node_modules/codex-agent-codex-agent-runtime-desktop": {
      "resolved": "packages/codex-agent-codex-agent-runtime-desktop",
      "link": true
    },
    "node_modules/codex-agent-codex-agent-runtime-desktop-test": {
      "resolved": "packages/codex-agent-codex-agent-runtime-desktop-test",
      "link": true
    },
    "packages/codex-agent-codex-agent-core": {
      "version": "0.2.0",
      "devDependencies": {}
    },
    "packages/codex-agent-codex-agent-core-test": {
      "version": "0.2.0",
      "devDependencies": {}
    },
    "packages/codex-agent-codex-agent-runtime-desktop": {
      "version": "0.2.0",
      "devDependencies": {}
    },
    "packages/codex-agent-codex-agent-runtime-desktop-test": {
      "version": "0.2.0",
      "devDependencies": {}
    }
  }
}
